
Microsoft Visual Studio Solution File, Format Version 12.00
# Visual Studio Version 16
VisualStudioVersion = 16.0.29709.97
MinimumVisualStudioVersion = 10.0.40219.1
Project("{FAE04EC0-301F-11D3-BF4B-00C04F79EFBC}") = "AutoSpotifyUpgrader", "AutoSpotifyUpgrader\AutoSpotifyUpgrader.csproj", "{35988A47-0B99-46E1-9F9E-74BAECD7FF13}"
EndProject
Global
	GlobalSection(SolutionConfigurationPlatforms) = preSolution
		Debug|Any CPU = Debug|Any CPU
		Release|Any CPU = Release|Any CPU
	EndGlobalSection
	GlobalSection(ProjectConfigurationPlatforms) = postSolution
		{35988A47-0B99-46E1-9F9E-74BAECD7FF13}.Debug|Any CPU.ActiveCfg = Debug|Any CPU
		{35988A47-0B99-46E1-9F9E-74BAECD7FF13}.Debug|Any CPU.Build.0 = Debug|Any CPU
		{35988A47-0B99-46E1-9F9E-74BAECD7FF13}.Release|Any CPU.ActiveCfg = Release|Any CPU
		{35988A47-0B99-46E1-9F9E-74BAECD7FF13}.Release|Any CPU.Build.0 = Release|Any CPU
	EndGlobalSection
	GlobalSection(SolutionProperties) = preSolution
		HideSolutionNode = FALSE
	EndGlobalSection
	GlobalSection(ExtensibilityGlobals) = postSolution
		SolutionGuid = {74133E1A-C5E2-4C8A-9E82-9ABE940CB494}
	EndGlobalSection
EndGlobal
